
Microsoft Visual Studio Solution File, Format Version 12.00
# Visual Studio Version 16
VisualStudioVersion = 16.0.29318.209
MinimumVisualStudioVersion = 10.0.40219.1
Project("{FAE04EC0-301F-11D3-BF4B-00C04F79EFBC}") = "api_specflow", "api_specflow\api_specflow.csproj", "{98672122-E66A-441A-8AAD-A1F2C3B4A767}"
EndProject
Global
	GlobalSection(SolutionConfigurationPlatforms) = preSolution
		Debug|Any CPU = Debug|Any CPU
		Release|Any CPU = Release|Any CPU
	EndGlobalSection
	GlobalSection(ProjectConfigurationPlatforms) = postSolution
		{98672122-E66A-441A-8AAD-A1F2C3B4A767}.Debug|Any CPU.ActiveCfg = Debug|Any CPU
		{98672122-E66A-441A-8AAD-A1F2C3B4A767}.Debug|Any CPU.Build.0 = Debug|Any CPU
		{98672122-E66A-441A-8AAD-A1F2C3B4A767}.Release|Any CPU.ActiveCfg = Release|Any CPU
		{98672122-E66A-441A-8AAD-A1F2C3B4A767}.Release|Any CPU.Build.0 = Release|Any CPU
	EndGlobalSection
	GlobalSection(SolutionProperties) = preSolution
		HideSolutionNode = FALSE
	EndGlobalSection
	GlobalSection(ExtensibilityGlobals) = postSolution
		SolutionGuid = {1EF57FBC-016C-4458-82A0-E95E15F388A7}
	EndGlobalSection
EndGlobal
